{
  "lockfileVersion": 1,
  "configVersion": 1,
  "workspaces": {
    "": {
      "name": "clipping-be",
      "dependencies": {
        "@aws-sdk/client-s3": "^3.758.0",
        "@aws-sdk/s3-request-presigner": "^3.1149.0",
        "@elysiajs/cors": "^1.2.0",
        "@supabase/supabase-js": "^2.49.1",
        "elysia": "^1.2.25",
        "openai": "^4.86.1",
        "zod": "^3.24.2",
      },
      "devDependencies": {
        "@types/bun": "latest",
      },
    },
  },
  "packages": {
    "@aws-sdk/checksums": ["@aws-sdk/checksums@3.1001.2", "", { "dependencies": { "@aws-sdk/core": "^3.978.2", "@aws-sdk/types": "^3.974.6", "@smithy/core": "^3.35.2", "@smithy/types": "^4.19.0", "tslib": "^2.6.2" } }, "sha512-gKRj5IXZ/O0ehk2rwfb55YygdNKNhK5N1l/Ztg/w06tk21AJtCPuyErETk2RS/6XOmpBkcZY6CN3GlQ2fWTh1g=="],

    "@aws-sdk/client-s3": ["@aws-sdk/client-s3@3.1149.0", "", { "dependencies": { "@aws-sdk/checksums": "^3.1001.2", "@aws-sdk/core": "^3.978.2", "@aws-sdk/credential-provider-node": "^3.972.85", "@aws-sdk/middleware-sdk-s3": "^3.972.78", "@aws-sdk/signature-v4-multi-region": "^3.996.48", "@aws-sdk/types": "^3.974.6", "@smithy/core": "^3.35.2", "@smithy/fetch-http-handler": "^5.8.0", "@smithy/node-http-handler": "^4.12.1", "@smithy/types": "^4.19.0", "tslib": "^2.6.2" } }, "sha512-wEccG+3/ap7iIBO4DbWwqNHh2u5Qm5OCQJzJaAvtVFIoZbp0qia8HIXv4rpnNmJJEX8205mlq67F9QJ0nKlcxg=="],

    "@aws-sdk/core": ["@aws-sdk/core@3.978.2", "", { "dependencies": { "@aws-sdk/types": "^3.974.6", "@aws-sdk/xml-builder": "^3.972.41", "@aws/lambda-invoke-store": "^0.3.0", "@smithy/core": "^3.35.2", "@smithy/signature-v4": "^5.7.4", "@smithy/types": "^4.19.0", "bowser": "^2.11.0", "tslib": "^2.6.2" } }, "sha512-ViOBLuGSSyPAmkKGJ6KJXtVN7MOEp3rnI7uH+kWxnHccvo8C9cvunEAnN5/oaZH1laQfsTBw7IOnmNkWlFZl2A=="],

    "@aws-sdk/credential-provider-env": ["@aws-sdk/credential-provider-env@3.972.73", "", { "dependencies": { "@aws-sdk/core": "^3.978.2", "@aws-sdk/types": "^3.974.6", "@smithy/core": "^3.35.2", "@smithy/types": "^4.19.0", "tslib": "^2.6.2" } }, "sha512-PxlFZiF5IPUsPnuVSqjM9jlmRwZhL0xx40ccWfZiLQS8TRnHQpegpK1uAidatWuEqbJtbbY97A2Sezikz2AMUw=="],

    "@aws-sdk/credential-provider-http": ["@aws-sdk/credential-provider-http@3.972.75", "", { "dependencies": { "@aws-sdk/core": "^3.978.2", "@aws-sdk/types": "^3.974.6", "@smithy/core": "^3.35.2", "@smithy/fetch-http-handler": "^5.8.0", "@smithy/node-http-handler": "^4.12.1", "@smithy/types": "^4.19.0", "tslib": "^2.6.2" } }, "sha512-Q/uIDy8eAVN7JgSKDg16F/f+hmNJj/ZyLJN8AkW2ofVdDgJVh8fO/A26iZ7YsvM2/k76hsf/u2lLAtyXsK8Ziw=="],

    "@aws-sdk/credential-provider-ini": ["@aws-sdk/credential-provider-ini@3.973.18", "", { "dependencies": { "@aws-sdk/core": "^3.978.2", "@aws-sdk/credential-provider-env": "^3.972.73", "@aws-sdk/credential-provider-http": "^3.972.75", "@aws-sdk/credential-provider-login": "^3.972.80", "@aws-sdk/credential-provider-process": "^3.972.73", "@aws-sdk/credential-provider-sso": "^3.973.17", "@aws-sdk/credential-provider-web-identity": "^3.972.79", "@aws-sdk/nested-clients": "^3.997.47", "@aws-sdk/types": "^3.974.6", "@smithy/core": "^3.35.2", "@smithy/credential-provider-imds": "^4.5.2", "@smithy/types": "^4.19.0", "tslib": "^2.6.2" } }, "sha512-KoyjZ9vdjuxEQ8obAH06xKP8H0WKqGhwUZLMqAOiS7G0xgUAht4X8f0ASLC/vhNLCWGblZOD3VQHWyTROGJHLg=="],

    "@aws-sdk/credential-provider-login": ["@aws-sdk/credential-provider-login@3.972.80", "", { "dependencies": { "@aws-sdk/core": "^3.978.2", "@aws-sdk/nested-clients": "^3.997.47", "@aws-sdk/types": "^3.974.6", "@smithy/core": "^3.35.2", "@smithy/types": "^4.19.0", "tslib": "^2.6.2" } }, "sha512-xF9A0gaO7k+1dYPFoo69OQatA9Ov0QuDZfqE8H0FLyIoOph+mlEC+I1Qo9UULupGuDfSYh+kVpfcDSxSYf/2fg=="],

    "@aws-sdk/credential-provider-node": ["@aws-sdk/credential-provider-node@3.972.85", "", { "dependencies": { "@aws-sdk/credential-provider-env": "^3.972.73", "@aws-sdk/credential-provider-http": "^3.972.75", "@aws-sdk/credential-provider-ini": "^3.973.18", "@aws-sdk/credential-provider-process": "^3.972.73", "@aws-sdk/credential-provider-sso": "^3.973.17", "@aws-sdk/credential-provider-web-identity": "^3.972.79", "@aws-sdk/types": "^3.974.6", "@smithy/core": "^3.35.2", "@smithy/credential-provider-imds": "^4.5.2", "@smithy/types": "^4.19.0", "tslib": "^2.6.2" } }, "sha512-CrFcML/xImiSlquH4W3V6Npz3aSkPXHDVciAU1JOBN0vqjmkcz9H9up2sCHQqN76J/WrT+TJ580L8h2joksQrg=="],

    "@aws-sdk/credential-provider-process": ["@aws-sdk/credential-provider-process@3.972.73", "", { "dependencies": { "@aws-sdk/core": "^3.978.2", "@aws-sdk/types": "^3.974.6", "@smithy/core": "^3.35.2", "@smithy/types": "^4.19.0", "tslib": "^2.6.2" } }, "sha512-tyNnT4aVuOEXmKKKZPExBi828vRd9heshobBsKF0bov5EORHSJc1AGsHOMRP57sDt+dIuVASUOywaixiX26t4g=="],

    "@aws-sdk/credential-provider-sso": ["@aws-sdk/credential-provider-sso@3.973.17", "", { "dependencies": { "@aws-sdk/core": "^3.978.2", "@aws-sdk/nested-clients": "^3.997.47", "@aws-sdk/token-providers": "3.1149.0", "@aws-sdk/types": "^3.974.6", "@smithy/core": "^3.35.2", "@smithy/types": "^4.19.0", "tslib": "^2.6.2" } }, "sha512-gxKTWaUk2gSbBOH4m3NPRfEKcGXeDAOgHr7nNG5JktR1xZLo0R+DpMjbcleoHbB0uJREOG7hjIRE635IuBWsRQ=="],

    "@aws-sdk/credential-provider-web-identity": ["@aws-sdk/credential-provider-web-identity@3.972.79", "", { "dependencies": { "@aws-sdk/core": "^3.978.2", "@aws-sdk/nested-clients": "^3.997.47", "@aws-sdk/types": "^3.974.6", "@smithy/core": "^3.35.2", "@smithy/types": "^4.19.0", "tslib": "^2.6.2" } }, "sha512-/jn0Gs/qm6fs6nTIA5yncHayybz42SATZ3rNxCEBYPJ9v69PLrDRgk07E9xTT2gpRcNmDXXbi27ZbuU06N0Z6Q=="],

    "@aws-sdk/middleware-sdk-s3": ["@aws-sdk/middleware-sdk-s3@3.972.78", "", { "dependencies": { "@aws-sdk/core": "^3.978.2", "@aws-sdk/signature-v4-multi-region": "^3.996.48", "@aws-sdk/types": "^3.974.6", "@smithy/core": "^3.35.2", "@smithy/types": "^4.19.0", "tslib": "^2.6.2" } }, "sha512-W1kXIqMBkfrpVTbOOUSt63D2mEM4882TLqGWXjkZ1OcJ2ggSEWzgyjlyVDIHu/goGJSREd5s/KQ9wAgVZ0djeQ=="],

    "@aws-sdk/nested-clients": ["@aws-sdk/nested-clients@3.997.47", "", { "dependencies": { "@aws-sdk/core": "^3.978.2", "@aws-sdk/signature-v4-multi-region": "^3.996.48", "@aws-sdk/types": "^3.974.6", "@smithy/core": "^3.35.2", "@smithy/fetch-http-handler": "^5.8.0", "@smithy/node-http-handler": "^4.12.1", "@smithy/types": "^4.19.0", "tslib": "^2.6.2" } }, "sha512-bovCKvDsLocNTzaj6VrrMVJ2BGROqO0JlwcGseO67a+I9Bo+08nUJhSQfZUIx4+A4a7I4101GEJd/AYm7dQ68w=="],

    "@aws-sdk/s3-request-presigner": ["@aws-sdk/s3-request-presigner@3.1149.0", "", { "dependencies": { "@aws-sdk/core": "^3.978.2", "@aws-sdk/signature-v4-multi-region": "^3.996.48", "@aws-sdk/types": "^3.974.6", "@smithy/core": "^3.35.2", "@smithy/types": "^4.19.0", "tslib": "^2.6.2" } }, "sha512-baBynYmUAeUkcgY/PZJJsEFzVYLhbvQo9e0kVm5NA4zmNQornvoN5FID4gaDvxZVnZjXsBEcEygjtbYg1l2gMQ=="],

    "@aws-sdk/signature-v4-multi-region": ["@aws-sdk/signature-v4-multi-region@3.996.48", "", { "dependencies": { "@aws-sdk/types": "^3.974.6", "@smithy/signature-v4": "^5.7.4", "@smithy/types": "^4.19.0", "tslib": "^2.6.2" } }, "sha512-cFDXfEbXaGwbnpvR/DyqfxfjxpjXVRVthQLgkwvcfDS5u3+8G9WSj1X1Ag/pTRg/QOeOno1Tq3ycEdrKsCUcOA=="],

    "@aws-sdk/token-providers": ["@aws-sdk/token-providers@3.1149.0", "", { "dependencies": { "@aws-sdk/core": "^3.978.2", "@aws-sdk/nested-clients": "^3.997.47", "@aws-sdk/types": "^3.974.6", "@smithy/core": "^3.35.2", "@smithy/types": "^4.19.0", "tslib": "^2.6.2" } }, "sha512-CAwYyA8eVk1w6h8YgLvkjIOakWPwURaUFrP7BRVgkxTFUM+O87thyKsGKJ6rVPbP8eoEV10cBWQ5YfaYl3qSVQ=="],

    "@aws-sdk/types": ["@aws-sdk/types@3.974.6", "", { "dependencies": { "@smithy/types": "^4.19.0", "tslib": "^2.6.2" } }, "sha512-v/clNZzZnDxGyvpHMOGpJKVXFAExJzUNAAjaWGdcx8QAcXLGwTaOkw33p5SHAi0YAioK32xB3hWwOekRVfmfKg=="],

    "@aws-sdk/xml-builder": ["@aws-sdk/xml-builder@3.972.41", "", { "dependencies": { "@smithy/types": "^4.19.0", "tslib": "^2.6.2" } }, "sha512-ctjVSyCMegrWfXlx6VqzSBFI6UqmQ5ZlnfMhdLIiWmhoH8UAQxSCP5N3OpG7X3k4LnS7ou74C4mt20+bfTW2aQ=="],

    "@aws/lambda-invoke-store": ["@aws/lambda-invoke-store@0.3.0", "", {}, "sha512-sl4Bm6yiMNYrZKkqqDFWN0UfnWhlS8ivKxrYl+6t0gCLrqr8y3B2IqZZbFRkfaVVp7C/baApyh71P+LeE1A2sQ=="],

    "@borewit/text-codec": ["@borewit/text-codec@0.2.2", "", {}, "sha512-DDaRehssg1aNrH4+2hnj1B7vnUGEjU6OIlyRdkMd0aUdIUvKXrJfXsy8LVtXAy7DRvYVluWbMspsRhz2lcW0mQ=="],

    "@elysiajs/cors": ["@elysiajs/cors@1.4.2", "", { "peerDependencies": { "elysia": ">= 1.4.0" } }, "sha512-FTCcbH35brTLigF1W7BYySRZomgI/dBEMK9BgK9RP9Nez7zmpGh4koL/Yr1BFv8nYz7CfhRvcM8d/c+XnwMaVQ=="],

    "@sinclair/typebox": ["@sinclair/typebox@0.34.52", "", {}, "sha512-XiMQh7qqVlxZzcVD+kkGMNGMzcTrDMLWI7S4x7z1MkCkbDPrekpZXEUK0eZqZFMuHQg2a2DZOcDIh9o5v3Gonw=="],

    "@smithy/core": ["@smithy/core@3.35.2", "", { "dependencies": { "@smithy/types": "^4.19.0", "tslib": "^2.6.2" } }, "sha512-ejTukBuP/Pg3t9N8Ux+0zKsXeHWm7p6W3HbXFOyltKasSxZwCFmvTut7kBdZSCF3m9y1bXXyVu6p2xuMFcsTyQ=="],

    "@smithy/credential-provider-imds": ["@smithy/credential-provider-imds@4.5.2", "", { "dependencies": { "@smithy/core": "^3.33.2", "@smithy/types": "^4.17.2", "tslib": "^2.6.2" } }, "sha512-A9uSdn72ozbRUSit0eib0TW7nXuNPlaeM0zcGkJ+nE6tFcSDbnmtwoxbTCFBukVQcszDAyvsd7+rTduPTXpygg=="],

    "@smithy/fetch-http-handler": ["@smithy/fetch-http-handler@5.8.0", "", { "dependencies": { "@smithy/core": "^3.33.3", "@smithy/types": "^4.18.0", "tslib": "^2.6.2" } }, "sha512-ycSJu3tFAQ4v04CBB0agqFMVsSQ1iG3yw+SpgxRqKfaURpQD4CZ8Wn0zPMmSnOuTpTh65Vz+EA0rMrw089wvkA=="],

    "@smithy/node-http-handler": ["@smithy/node-http-handler@4.12.1", "", { "dependencies": { "@smithy/core": "^3.33.3", "@smithy/types": "^4.18.0", "tslib": "^2.6.2" } }, "sha512-ThMkboGeONWXAelq9FvGsuJC4rOi+qyC4/zhUF58xYpxUg5sQKx2VXZYJmtNjr4dSuBJ1HeJXETQILCz3wOHvw=="],

    "@smithy/signature-v4": ["@smithy/signature-v4@5.7.4", "", { "dependencies": { "@smithy/core": "^3.35.0", "@smithy/types": "^4.19.0", "tslib": "^2.6.2" } }, "sha512-tHy0K0VtqNd5Y7Y41h0a0Lhh0L1GzC08dTWg0F7vRJWFtTENg7IZikf3wQkanYIRdb7ngoIPMTmqgUi401fEeQ=="],

    "@smithy/types": ["@smithy/types@4.19.0", "", { "dependencies": { "tslib": "^2.6.2" } }, "sha512-r7jh49VJxGerfAcTQA6gXcKc+98zOp/tqRwzYjgOE+iSQsP6cEU1hq2QzbuipmP68QtYdY9wKEhiCQZIzHgZ4Q=="],

    "@supabase/auth-js": ["@supabase/auth-js@2.117.3", "", { "dependencies": { "tslib": "2.8.1" } }, "sha512-XOZV+jllcU2Hzij8SwgM78zl0lOEr6BTjzi2MYkBb39nOAQzb5AelGpMUvVj7lwGSB11JmpAs/FEQroAyFzWEA=="],

    "@supabase/functions-js": ["@supabase/functions-js@2.117.3", "", { "dependencies": { "tslib": "2.8.1" } }, "sha512-6GuizbP4N5xWaxEVUsI+UQpJdmMmn0t3sYNpObo9gCAldvM22gFjnYzRVmkHxp5ylU21azEYmiWVwk9iDgCMkQ=="],

    "@supabase/phoenix": ["@supabase/phoenix@0.4.5", "", {}, "sha512-aAn9H9ovVyeApKy11OWOrrOGq8DV68yWeH4ud2lN9fzn4aO8Zb5GLL9m1pUg9nLqIcT+ZDfAcsZe0E/nqdv2lw=="],

    "@supabase/postgrest-js": ["@supabase/postgrest-js@2.117.3", "", { "dependencies": { "tslib": "2.8.1" } }, "sha512-NpyTgullu6tw11ojYKTdZg9HannZ4mu4FUlhc9V5zDXOVllUJzEmuyLM+WWoYF0BurfrRvarimpm3SR8P0Gzfw=="],

    "@supabase/realtime-js": ["@supabase/realtime-js@2.117.3", "", { "dependencies": { "@supabase/phoenix": "0.4.5", "tslib": "2.8.1" } }, "sha512-4W4ISbreRygNXbhwqxeqyuRul8RPx+SF+Hp2IT8wctebQEHSVCULfKatiRiEhmasfoXvYm2AHV4XFsOxhoousA=="],

    "@supabase/storage-js": ["@supabase/storage-js@2.117.3", "", { "dependencies": { "iceberg-js": "^0.8.1", "tslib": "2.8.1" } }, "sha512-QhUxFC33Crlw6WDeA4hLADdi1PzjI3c4UJs7ivWHHEnU7ulmCWEZSDaRCuIfmsjUwbHYaIfRNFQNsm+IsGYS6w=="],

    "@supabase/supabase-js": ["@supabase/supabase-js@2.117.3", "", { "dependencies": { "@supabase/auth-js": "2.117.3", "@supabase/functions-js": "2.117.3", "@supabase/postgrest-js": "2.117.3", "@supabase/realtime-js": "2.117.3", "@supabase/storage-js": "2.117.3" }, "peerDependencies": { "@opentelemetry/api": ">=1.0.0" }, "optionalPeers": ["@opentelemetry/api"] }, "sha512-K+f8PimXDunPWQ63CKRXaF5pbVPJxmfw5ryAnh0s9S9PkwcuqBjiSpIaqpF7KLDljeYwXIL85ST8QxaO0+XuvA=="],

    "@tokenizer/inflate": ["@tokenizer/inflate@0.4.1", "", { "dependencies": { "debug": "^4.4.3", "token-types": "^6.1.1" } }, "sha512-2mAv+8pkG6GIZiF1kNg1jAjh27IDxEPKwdGul3snfztFerfPGI1LjDezZp3i7BElXompqEtPmoPx6c2wgtWsOA=="],

    "@tokenizer/token": ["@tokenizer/token@0.3.0", "", {}, "sha512-OvjF+z51L3ov0OyAU0duzsYuvO01PH7x4t6DJx+guahgTnBHkhJdG7soQeTSFLWN3efnHyibZ4Z8l2EuWwJN3A=="],

    "@types/bun": ["@types/bun@1.4.2", "", { "dependencies": { "bun-types": "1.4.2" } }, "sha512-GimotNn7+ZV0uVArItBbriZsR1oNf0+WTzPkdcFrzShI7k2norL0uzEaJT8T33dWr7O/c9ZDuAFQrctKCi72oQ=="],

    "@types/node": ["@types/node@18.19.130", "", { "dependencies": { "undici-types": "~5.26.4" } }, "sha512-GRaXQx6jGfL8sKfaIDD6OupbIHBr9jv7Jnaml9tB7l4v068PAOXqfcujMMo5PhbIs6ggR1XODELqahT2R8v0fg=="],

    "@types/node-fetch": ["@types/node-fetch@2.6.13", "", { "dependencies": { "@types/node": "*", "form-data": "^4.0.4" } }, "sha512-QGpRVpzSaUs30JBSGPjOg4Uveu384erbHBoT1zeONvyCfwQxIkUshLAOqN/k9EjGviPRmWTTe6aH2qySWKTVSw=="],

    "abort-controller": ["abort-controller@3.0.0", "", { "dependencies": { "event-target-shim": "^5.0.0" } }, "sha512-h8lQ8tacZYnR3vNQTgibj+tODHI5/+l06Au2Pcriv/Gmet0eaj4TwWH41sO9wnHDiQsEj19q0drzdWdeAHtweg=="],

    "agentkeepalive": ["agentkeepalive@4.6.0", "", { "dependencies": { "humanize-ms": "^1.2.1" } }, "sha512-kja8j7PjmncONqaTsB8fQ+wE2mSU2DJ9D4XKoJ5PFWIdRMa6SLSN1ff4mOr4jCbfRSsxR4keIiySJU0N9T5hIQ=="],

    "asynckit": ["asynckit@0.4.0", "", {}, "sha512-Oei9OH4tRh0YqU3GxhX79dM/mwVgvbZJaSNaRk+bshkj0S5cfHcgYakreBjrHwatXKbz+IoIdYLxrKim2MjW0Q=="],

    "bowser": ["bowser@2.14.1", "", {}, "sha512-tzPjzCxygAKWFOJP011oxFHs57HzIhOEracIgAePE4pqB3LikALKnSzUyU4MGs9/iCEUuHlAJTjTc5M+u7YEGg=="],

    "bun-types": ["bun-types@1.4.2", "", { "dependencies": { "@types/node": "*" } }, "sha512-bxV1FgK7yBIzjRe5zBozIM4Bem11ZJcCXSrjWRG3YWLt8yFDePu4cLjpebO8OvPeIE9trbyPF4fuj3Cia4Fj3w=="],

    "call-bind-apply-helpers": ["call-bind-apply-helpers@1.0.2", "", { "dependencies": { "es-errors": "^1.3.0", "function-bind": "^1.1.2" } }, "sha512-Sp1ablJ0ivDkSzjcaJdxEunN5/XvksFJ2sMBFfq6x0ryhQV/2b/KwFe21cMpmHtPOSij8K99/wSfoEuTObmuMQ=="],

    "combined-stream": ["combined-stream@1.0.8", "", { "dependencies": { "delayed-stream": "~1.0.0" } }, "sha512-FQN4MRfuJeHf7cBbBMJFXhKSDq+2kAArBlmRBvcvFE5BB1HZKXtSFASDhdlz9zOYwxh8lDdnvmMOe/+5cdoEdg=="],

    "cookie": ["cookie@1.1.1", "", {}, "sha512-ei8Aos7ja0weRpFzJnEA9UHJ/7XQmqglbRwnf2ATjcB9Wq874VKH9kfjjirM6UhU2/E5fFYadylyhFldcqSidQ=="],

    "debug": ["debug@4.4.3", "", { "dependencies": { "ms": "^2.1.3" } }, "sha512-RGwwWnwQvkVfavKVt22FGLw+xYSdzARwm0ru6DhTVA3umU5hZc28V3kO4stgYryrTlLpuvgI9GiijltAjNbcqA=="],

    "delayed-stream": ["delayed-stream@1.0.0", "", {}, "sha512-ZySD7Nf91aLB0RxL4KGrKHBXl7Eds1DAmEdcoVawXnLD7SDhpNgtuII2aAkg7a7QS41jxPSZ17p4VdGnMHk3MQ=="],

    "dunder-proto": ["dunder-proto@1.0.1", "", { "dependencies": { "call-bind-apply-helpers": "^1.0.1", "es-errors": "^1.3.0", "gopd": "^1.2.0" } }, "sha512-KIN/nDJBQRcXw0MLVhZE9iQHmG68qAVIBg9CqmUYjmQIhgij9U5MFvrqkUL5FbtyyzZuOeOt0zdeRe4UY7ct+A=="],

    "elysia": ["elysia@1.4.30", "", { "dependencies": { "cookie": "^1.1.1", "exact-mirror": "^0.2.7", "fast-decode-uri-component": "^1.0.1", "memoirist": "^0.4.0" }, "peerDependencies": { "@sinclair/typebox": ">= 0.34.0 < 1", "@types/bun": ">= 1.2.0", "file-type": ">= 20.0.0", "openapi-types": ">= 12.0.0", "typescript": ">= 5.0.0" }, "optionalPeers": ["@types/bun", "typescript"] }, "sha512-S2qqV0CbM4faB1hQQ5IYoeYnAUinjHlzRduxaBc4OoNqh0GjOc8k6tt3hv5ozWcG6Svr6hugw6JL4zNke4jwfA=="],

    "es-define-property": ["es-define-property@1.0.1", "", {}, "sha512-e3nRfgfUZ4rNGL232gUgX06QNyyez04KdjFrF+LTRoOXmrOgFKDg4BCdsjW8EnT69eqdYGmRpJwiPVYNrCaW3g=="],

    "es-errors": ["es-errors@1.3.0", "", {}, "sha512-Zf5H2Kxt2xjTvbJvP2ZWLEICxA6j+hAmMzIlypy4xcBg1vKVnx89Wy0GbS+kf5cwCVFFzdCFh2XSCFNULS6csw=="],

    "es-object-atoms": ["es-object-atoms@1.1.2", "", { "dependencies": { "es-errors": "^1.3.0" } }, "sha512-HWcBoN6NileqtSydK2FqHbS/LoDd2pqrnQHLyJzBj4kOp/ky2MWMN694xOfkK8/SnUsW2DH7EfyVlydKCsm1Zw=="],

    "es-set-tostringtag": ["es-set-tostringtag@2.1.0", "", { "dependencies": { "es-errors": "^1.3.0", "get-intrinsic": "^1.2.6", "has-tostringtag": "^1.0.2", "hasown": "^2.0.2" } }, "sha512-j6vWzfrGVfyXxge+O0x5sh6cvxAog0a/4Rdd2K36zCMV5eJ+/+tOAngRO8cODMNWbVRdVlmGZQL2YS3yR8bIUA=="],

    "event-target-shim": ["event-target-shim@5.0.1", "", {}, "sha512-i/2XbnSz/uxRCU6+NdVJgKWDTM427+MqYbkQzD321DuCQJUqOuJKIA0IM2+W2xtYHdKOmZ4dR6fExsd4SXL+WQ=="],

    "exact-mirror": ["exact-mirror@0.2.7", "", { "peerDependencies": { "@sinclair/typebox": "^0.34.15" }, "optionalPeers": ["@sinclair/typebox"] }, "sha512-+MeEmDcLA4o/vjK2zujgk+1VTxPR4hdp23qLqkWfStbECtAq9gmsvQa3LW6z/0GXZyHJobrCnmy1cdeE7BjsYg=="],

    "fast-decode-uri-component": ["fast-decode-uri-component@1.0.1", "", {}, "sha512-WKgKWg5eUxvRZGwW8FvfbaH7AXSh2cL+3j5fMGzUMCxWBJ3dV3a7Wz8y2f/uQ0e3B6WmodD3oS54jTQ9HVTIIg=="],

    "file-type": ["file-type@22.1.1", "", { "dependencies": { "@tokenizer/inflate": "^0.4.1", "strtok3": "^10.3.5", "token-types": "^6.1.2", "uint8array-extras": "^1.5.0" } }, "sha512-sEB0oStmeLGtpmSAD88RDNuLsvhv4iC3u0lE25CUvfCULvj49xoQ3l3K525Vn+ZzsZ6DOLajQCV6RmhwwhqiJg=="],

    "form-data": ["form-data@4.0.6", "", { "dependencies": { "asynckit": "^0.4.0", "combined-stream": "^1.0.8", "es-set-tostringtag": "^2.1.0", "hasown": "^2.0.4", "mime-types": "^2.1.35" } }, "sha512-vKatAh4SlVfgbv+YtmhiRjhEMJsYpsG1Y2rMQtR+SVSbytsSD1YGzDIcrAJmdFec88u/+VoGmxnl+80gL1tRCQ=="],

    "form-data-encoder": ["form-data-encoder@1.7.2", "", {}, "sha512-qfqtYan3rxrnCk1VYaA4H+Ms9xdpPqvLZa6xmMgFvhO32x7/3J/ExcTd6qpxM0vH2GdMI+poehyBZvqfMTto8A=="],

    "formdata-node": ["formdata-node@4.4.1", "", { "dependencies": { "node-domexception": "1.0.0", "web-streams-polyfill": "4.0.0-beta.3" } }, "sha512-0iirZp3uVDjVGt9p49aTaqjk84TrglENEDuqfdlZQ1roC9CWlPk6Avf8EEnZNcAqPonwkG35x4n3ww/1THYAeQ=="],

    "function-bind": ["function-bind@1.1.2", "", {}, "sha512-7XHNxH7qX9xG5mIwxkhumTox/MIRNcOgDrxWsMt2pAr23WHp6MrRlN7FBSFpCpr+oVO0F744iUgR82nJMfG2SA=="],

    "get-intrinsic": ["get-intrinsic@1.3.0", "", { "dependencies": { "call-bind-apply-helpers": "^1.0.2", "es-define-property": "^1.0.1", "es-errors": "^1.3.0", "es-object-atoms": "^1.1.1", "function-bind": "^1.1.2", "get-proto": "^1.0.1", "gopd": "^1.2.0", "has-symbols": "^1.1.0", "hasown": "^2.0.2", "math-intrinsics": "^1.1.0" } }, "sha512-9fSjSaos/fRIVIp+xSJlE6lfwhES7LNtKaCBIamHsjr2na1BiABJPo0mOjjz8GJDURarmCPGqaiVg5mfjb98CQ=="],

    "get-proto": ["get-proto@1.0.1", "", { "dependencies": { "dunder-proto": "^1.0.1", "es-object-atoms": "^1.0.0" } }, "sha512-sTSfBjoXBp89JvIKIefqw7U2CCebsc74kiY6awiGogKtoSGbgjYE/G/+l9sF3MWFPNc9IcoOC4ODfKHfxFmp0g=="],

    "gopd": ["gopd@1.2.0", "", {}, "sha512-ZUKRh6/kUFoAiTAtTYPZJ3hw9wNxx+BIBOijnlG9PnrJsCcSjs1wyyD6vJpaYtgnzDrKYRSqf3OO6Rfa93xsRg=="],

    "has-symbols": ["has-symbols@1.1.0", "", {}, "sha512-1cDNdwJ2Jaohmb3sg4OmKaMBwuC48sYni5HUw2DvsC8LjGTLK9h+eb1X6RyuOHe4hT0ULCW68iomhjUoKUqlPQ=="],

    "has-tostringtag": ["has-tostringtag@1.0.2", "", { "dependencies": { "has-symbols": "^1.0.3" } }, "sha512-NqADB8VjPFLM2V0VvHUewwwsw0ZWBaIdgo+ieHtK3hasLz4qeCRjYcqfB6AQrBggRKppKF8L52/VqdVsO47Dlw=="],

    "hasown": ["hasown@2.0.4", "", { "dependencies": { "function-bind": "^1.1.2" } }, "sha512-T2UbfbBEF32wiepXIsMlTW9+dDYC6wMh/t/vYA4tuOMKqWz/n3vr1NFSxQiyP+zk2mXsoMA/i/7qV6LKut1t1A=="],

    "humanize-ms": ["humanize-ms@1.2.1", "", { "dependencies": { "ms": "^2.0.0" } }, "sha512-Fl70vYtsAFb/C06PTS9dZBo7ihau+Tu/DNCk/OyHhea07S+aeMWpFFkUaXRa8fI+ScZbEI8dfSxwY7gxZ9SAVQ=="],

    "iceberg-js": ["iceberg-js@0.8.1", "", {}, "sha512-1dhVQZXhcHje7798IVM+xoo/1ZdVfzOMIc8/rgVSijRK38EDqOJoGula9N/8ZI5RD8QTxNQtK/Gozpr+qUqRRA=="],

    "ieee754": ["ieee754@1.2.1", "", {}, "sha512-dcyqhDvX1C46lXZcVqCpK+FtMRQVdIMN6/Df5js2zouUsqG7I6sFxitIC+7KYK29KdXOLHdu9zL4sFnoVQnqaA=="],

    "math-intrinsics": ["math-intrinsics@1.1.0", "", {}, "sha512-/IXtbwEk5HTPyEwyKX6hGkYXxM9nbj64B+ilVJnC/R6B0pH5G4V3b0pVbL7DBj4tkhBAppbQUlf6F6Xl9LHu1g=="],

    "memoirist": ["memoirist@0.4.0", "", {}, "sha512-zxTgA0mSYELa66DimuNQDvyLq36AwDlTuVRbnQtB+VuTcKWm5Qc4z3WkSpgsFWHNhexqkIooqpv4hdcqrX5Nmg=="],

    "mime-db": ["mime-db@1.52.0", "", {}, "sha512-sPU4uV7dYlvtWJxwwxHD0PuihVNiE7TyAbQ5SWxDCB9mUYvOgroQOwYQQOKPJ8CIbE+1ETVlOoK1UC2nU3gYvg=="],

    "mime-types": ["mime-types@2.1.35", "", { "dependencies": { "mime-db": "1.52.0" } }, "sha512-ZDY+bPm5zTTF+YpCrAU9nK0UgICYPT0QtT1NZWFv4s++TNkcgVaT0g6+4R2uI4MjQjzysHB1zxuWL50hzaeXiw=="],

    "ms": ["ms@2.1.3", "", {}, "sha512-6FlzubTLZG3J2a/NVCAleEhjzq5oxgHyaCU9yYXvcLsvoVaHJq/s5xXI6/XXP6tz7R9xAOtHnSO/tXtF3WRTlA=="],

    "node-domexception": ["node-domexception@1.0.0", "", {}, "sha512-/jKZoMpw0F8GRwl4/eLROPA3cfcXtLApP0QzLmUT/HuPCZWyB7IY9ZrMeKw2O/nFIqPQB3PVM9aYm0F312AXDQ=="],

    "node-fetch": ["node-fetch@2.7.0", "", { "dependencies": { "whatwg-url": "^5.0.0" }, "peerDependencies": { "encoding": "^0.1.0" }, "optionalPeers": ["encoding"] }, "sha512-c4FRfUm/dbcWZ7U+1Wq0AwCyFL+3nt2bEw05wfxSz+DWpWsitgmSgYmy2dQdWyKC1694ELPqMs/YzUSNozLt8A=="],

    "openai": ["openai@4.104.0", "", { "dependencies": { "@types/node": "^18.11.18", "@types/node-fetch": "^2.6.4", "abort-controller": "^3.0.0", "agentkeepalive": "^4.2.1", "form-data-encoder": "1.7.2", "formdata-node": "^4.3.2", "node-fetch": "^2.6.7" }, "peerDependencies": { "ws": "^8.18.0", "zod": "^3.23.8" }, "optionalPeers": ["ws", "zod"], "bin": { "openai": "bin/cli" } }, "sha512-p99EFNsA/yX6UhVO93f5kJsDRLAg+CTA2RBqdHK4RtK8u5IJw32Hyb2dTGKbnnFmnuoBv5r7Z2CURI9sGZpSuA=="],

    "openapi-types": ["openapi-types@12.1.3", "", {}, "sha512-N4YtSYJqghVu4iek2ZUvcN/0aqH1kRDuNqzcycDxhOUpg7GdvLa2F3DgS6yBNhInhv2r/6I0Flkn7CqL8+nIcw=="],

    "strtok3": ["strtok3@10.3.5", "", { "dependencies": { "@tokenizer/token": "^0.3.0" } }, "sha512-ki4hZQfh5rX0QDLLkOCj+h+CVNkqmp/CMf8v8kZpkNVK6jGQooMytqzLZYUVYIZcFZ6yDB70EfD8POcFXiF5oA=="],

    "token-types": ["token-types@6.1.2", "", { "dependencies": { "@borewit/text-codec": "^0.2.1", "@tokenizer/token": "^0.3.0", "ieee754": "^1.2.1" } }, "sha512-dRXchy+C0IgK8WPC6xvCHFRIWYUbqqdEIKPaKo/AcTUNzwLTK6AH7RjdLWsEZcAN/TBdtfUw3PYEgPr5VPr6ww=="],

    "tr46": ["tr46@0.0.3", "", {}, "sha512-N3WMsuqV66lT30CrXNbEjx4GEwlow3v6rr4mCcv6prnfwhS01rkgyFdjPNBYd9br7LpXV1+Emh01fHnq2Gdgrw=="],

    "tslib": ["tslib@2.8.1", "", {}, "sha512-oJFu94HQb+KVduSUQL7wnpmqnfmLsOA/nAh6b6EH0wCEoK0/mPeXU6c3wKDV83MkOuHPRHtSXKKU99IBazS/2w=="],

    "uint8array-extras": ["uint8array-extras@1.6.0", "", {}, "sha512-8iAasVS4wUx0gPLjH8Xtz2PeDzTSiy8QiLGu2DT3X5GU+egFEQhpnbtkehbAwjvDcxIERmCYcysiODFmE3Ud0Q=="],

    "undici-types": ["undici-types@5.26.5", "", {}, "sha512-JlCMO+ehdEIKqlFxk6IfVoAUVmgz7cU7zD/h9XZ0qzeosSHmUJVOzSQvvYSYWXkFXC+IfLKSIffhv0sVZup6pA=="],

    "web-streams-polyfill": ["web-streams-polyfill@4.0.0-beta.3", "", {}, "sha512-QW95TCTaHmsYfHDybGMwO5IJIM93I/6vTRk+daHTWFPhwh+C8Cg7j7XyKrwrj8Ib6vYXe0ocYNrmzY4xAAN6ug=="],

    "webidl-conversions": ["webidl-conversions@3.0.1", "", {}, "sha512-2JAn3z8AR6rjK8Sm8orRC0h/bcl/DqL7tRPdGZ4I1CjdF+EaMLmYxBHyXuKL849eucPFhvBoxMsflfOb8kxaeQ=="],

    "whatwg-url": ["whatwg-url@5.0.0", "", { "dependencies": { "tr46": "~0.0.3", "webidl-conversions": "^3.0.0" } }, "sha512-saE57nupxk6v3HY35+jzBwYa0rKSy0XR8JSxZPwgLr7ys0IBzhGviA1/TUGJLmSVqs8pb9AnvICXEuOHLprYTw=="],

    "zod": ["zod@3.25.76", "", {}, "sha512-gzUt/qt81nXsFGKIFcC3YnfEAx5NkunCfnDlvuBSSFS02bcXu4Lmea0AFIUwbLWxWPx3d9p8S5QoaujKcNQxcQ=="],
  }
}
